// !$*UTF8*$!
{
	archiveVersion = 1;
	classes = {
	};
	objectVersion = 48;
	objects = {

/* Begin PBXBuildFile section */
		D375B1572044FA14003AF182 /* AppDelegate.swift in Sources */ = {isa = PBXBuildFile; fileRef = D375B1562044FA14003AF182 /* AppDelegate.swift */; };
		D375B1592044FA14003AF182 /* ViewController.swift in Sources */ = {isa = PBXBuildFile; fileRef = D375B1582044FA14003AF182 /* ViewController.swift */; };
		D375B15C2044FA14003AF182 /* Main.storyboard in Resources */ = {isa = PBXBuildFile; fileRef = D375B15A2044FA14003AF182 /* Main.storyboard */; };
		D375B15E2044FA14003AF182 /* Assets.xcassets in Resources */ = {isa = PBXBuildFile; fileRef = D375B15D2044FA14003AF182 /* Assets.xcassets */; };
		D375B1612044FA14003AF182 /* LaunchScreen.storyboard in Resources */ = {isa = PBXBuildFile; fileRef = D375B15F2044FA14003AF182 /* LaunchScreen.storyboard */; };
		D375B1692044FA4D003AF182 /* WaterfallLayout.swift in Sources */ = {isa = PBXBuildFile; fileRef = D375B1682044FA4D003AF182 /* WaterfallLayout.swift */; };
/* End PBXBuildFile section */

/* Begin PBXFileReference section */
		D375B1532044FA14003AF182 /* WaterfallFlow-Swift.app */ = {isa = PBXFileReference; explicitFileType = wrapper.application; includeInIndex = 0; path = "WaterfallFlow-Swift.app"; sourceTree = BUILT_PRODUCTS_DIR; };
		D375B1562044FA14003AF182 /* AppDelegate.swift */ = {isa = PBXFileReference; lastKnownFileType = sourcecode.swift; path = AppDelegate.swift; sourceTree = "<group>"; };
		D375B1582044FA14003AF182 /* ViewController.swift */ = {isa = PBXFileReference; lastKnownFileType = sourcecode.swift; path = ViewController.swift; sourceTree = "<group>"; };
		D375B15B2044FA14003AF182 /* Base */ = {isa = PBXFileReference; lastKnownFileType = file.storyboard; name = Base; path = Base.lproj/Main.storyboard; sourceTree = "<group>"; };
		D375B15D2044FA14003AF182 /* Assets.xcassets */ = {isa = PBXFileReference; lastKnownFileType = folder.assetcatalog; path = Assets.xcassets; sourceTree = "<group>"; };
		D375B1602044FA14003AF182 /* Base */ = {isa = PBXFileReference; lastKnownFileType = file.storyboard; name = Base; path = Base.lproj/LaunchScreen.storyboard; sourceTree = "<group>"; };
		D375B1622044FA14003AF182 /* Info.plist */ = {isa = PBXFileReference; lastKnownFileType = text.plist.xml; path = Info.plist; sourceTree = "<group>"; };
		D375B1682044FA4D003AF182 /* WaterfallLayout.swift */ = {isa = PBXFileReference; fileEncoding = 4; lastKnownFileType = sourcecode.swift; path = WaterfallLayout.swift; sourceTree = "<group>"; };
/* End PBXFileReference section */

/* Begin PBXFrameworksBuildPhase section */
		D375B1502044FA14003AF182 /* Frameworks */ = {
			isa = PBXFrameworksBuildPhase;
			buildActionMask = 2147483647;
			files = (
			);
			runOnlyForDeploymentPostprocessing = 0;
		};
/* End PBXFrameworksBuildPhase section */

/* Begin PBXGroup section */
		D375B14A2044FA14003AF182 = {
			isa = PBXGroup;
			children = (
				D375B1552044FA14003AF182 /* WaterfallFlow-Swift */,
				D375B1542044FA14003AF182 /* Products */,
			);
			sourceTree = "<group>";
		};
		D375B1542044FA14003AF182 /* Products */ = {
			isa = PBXGroup;
			children = (
				D375B1532044FA14003AF182 /* WaterfallFlow-Swift.app */,
			);
			name = Products;
			sourceTree = "<group>";
		};
		D375B1552044FA14003AF182 /* WaterfallFlow-Swift */ = {
			isa = PBXGroup;
			children = (
				D375B1562044FA14003AF182 /* AppDelegate.swift */,
				D375B1582044FA14003AF182 /* ViewController.swift */,
				D375B1682044FA4D003AF182 /* WaterfallLayout.swift */,
				D375B15A2044FA14003AF182 /* Main.storyboard */,
				D375B15D2044FA14003AF182 /* Assets.xcassets */,
				D375B15F2044FA14003AF182 /* LaunchScreen.storyboard */,
				D375B1622044FA14003AF182 /* Info.plist */,
			);
			path = "WaterfallFlow-Swift";
			sourceTree = "<group>";
		};
/* End PBXGroup section */

/* Begin PBXNativeTarget section */
		D375B1522044FA14003AF182 /* WaterfallFlow-Swift */ = {
			isa = PBXNativeTarget;
			buildConfigurationList = D375B1652044FA14003AF182 /* Build configuration list for PBXNativeTarget "WaterfallFlow-Swift" */;
			buildPhases = (
				D375B14F2044FA14003AF182 /* Sources */,
				D375B1502044FA14003AF182 /* Frameworks */,
				D375B1512044FA14003AF182 /* Resources */,
			);
			buildRules = (
			);
			dependencies = (
			);
			name = "WaterfallFlow-Swift";
			productName = "WaterfallFlow-Swift";
			productReference = D375B1532044FA14003AF182 /* WaterfallFlow-Swift.app */;
			productType = "com.apple.product-type.application";
		};
/* End PBXNativeTarget section */

/* Begin PBXProject section */
		D375B14B2044FA14003AF182 /* Project object */ = {
			isa = PBXProject;
			attributes = {
				LastSwiftUpdateCheck = 0920;
				LastUpgradeCheck = 0920;
				ORGANIZATIONNAME = yangqianhua;
				TargetAttributes = {
					D375B1522044FA14003AF182 = {
						CreatedOnToolsVersion = 9.2;
						ProvisioningStyle = Automatic;
					};
				};
			};
			buildConfigurationList = D375B14E2044FA14003AF182 /* Build configuration list for PBXProject "WaterfallFlow-Swift" */;
			compatibilityVersion = "Xcode 8.0";
			developmentRegion = en;
			hasScannedForEncodings = 0;
			knownRegions = (
				en,
				Base,
			);
			mainGroup = D375B14A2044FA14003AF182;
			productRefGroup = D375B1542044FA14003AF182 /* Products */;
			projectDirPath = "";
			projectRoot = "";
			targets = (
				D375B1522044FA14003AF182 /* WaterfallFlow-Swift */,
			);
		};
/* End PBXProject section */

/* Begin PBXResourcesBuildPhase section */
		D375B1512044FA14003AF182 /* Resources */ = {
			isa = PBXResourcesBuildPhase;
			buildActionMask = 2147483647;
			files = (
				D375B1612044FA14003AF182 /* LaunchScreen.storyboard in Resources */,
				D375B15E2044FA14003AF182 /* Assets.xcassets in Resources */,
				D375B15C2044FA14003AF182 /* Main.storyboard in Resources */,
			);
			runOnlyForDeploymentPostprocessing = 0;
		};
/* End PBXResourcesBuildPhase section */

/* Begin PBXSourcesBuildPhase section */
		D375B14F2044FA14003AF182 /* Sources */ = {
			isa = PBXSourcesBuildPhase;
			buildActionMask = 2147483647;
			files = (
				D375B1592044FA14003AF182 /* ViewController.swift in Sources */,
				D375B1692044FA4D003AF182 /* WaterfallLayout.swift in Sources */,
				D375B1572044FA14003AF182 /* AppDelegate.swift in Sources */,
			);
			runOnlyForDeploymentPostprocessing = 0;
		};
/* End PBXSourcesBuildPhase section */

/* Begin PBXVariantGroup section */
		D375B15A2044FA14003AF182 /* Main.storyboard */ = {
			isa = PBXVariantGroup;
			children = (
				D375B15B2044FA14003AF182 /* Base */,
			);
			name = Main.storyboard;
			sourceTree = "<group>";
		};
		D375B15F2044FA14003AF182 /* LaunchScreen.storyboard */ = {
			isa = PBXVariantGroup;
			children = (
				D375B1602044FA14003AF182 /* Base */,
			);
			name = LaunchScreen.storyboard;
			sourceTree = "<group>";
		};
/* End PBXVariantGroup section */

/* Begin XCBuildConfiguration section */
		D375B1632044FA14003AF182 /* Debug */ = {
			isa = XCBuildConfiguration;
			buildSettings = {
				ALWAYS_SEARCH_USER_PATHS = NO;
				CLANG_ANALYZER_NONNULL = YES;
				CLANG_ANALYZER_NUMBER_OBJECT_CONVERSION = YES_AGGRESSIVE;
				CLANG_CXX_LANGUAGE_STANDARD = "gnu++14";
				CLANG_CXX_LIBRARY = "libc++";
				CLANG_ENABLE_MODULES = YES;
				CLANG_ENABLE_OBJC_ARC = YES;
				CLANG_WARN_BLOCK_CAPTURE_AUTORELEASING = YES;
				CLANG_WARN_BOOL_CONVERSION = YES;
				CLANG_WARN_COMMA = YES;
				CLANG_WARN_CONSTANT_CONVERSION = YES;
				CLANG_WARN_DIRECT_OBJC_ISA_USAGE = YES_ERROR;
				CLANG_WARN_DOCUMENTATION_COMMENTS = YES;
				CLANG_WARN_EMPTY_BODY = YES;
				CLANG_WARN_ENUM_CONVERSION = YES;
				CLANG_WARN_INFINITE_RECURSION = YES;
				CLANG_WARN_INT_CONVERSION = YES;
				CLANG_WARN_NON_LITERAL_NULL_CONVERSION = YES;
				CLANG_WARN_OBJC_LITERAL_CONVERSION = YES;
				CLANG_WARN_OBJC_ROOT_CLASS = YES_ERROR;
				CLANG_WARN_RANGE_LOOP_ANALYSIS = YES;
				CLANG_WARN_STRICT_PROTOTYPES = YES;
				CLANG_WARN_SUSPICIOUS_MOVE = YES;
				CLANG_WARN_UNGUARDED_AVAILABILITY = YES_AGGRESSIVE;
				CLANG_WARN_UNREACHABLE_CODE = YES;
				CLANG_WARN__DUPLICATE_METHOD_MATCH = YES;
				CODE_SIGN_IDENTITY = "iPhone Developer";
				COPY_PHASE_STRIP = NO;
				DEBUG_INFORMATION_FORMAT = dwarf;
				ENABLE_STRICT_OBJC_MSGSEND = YES;
				ENABLE_TESTABILITY = YES;
				GCC_C_LANGUAGE_STANDARD = gnu11;
				GCC_DYNAMIC_NO_PIC = NO;
				GCC_NO_COMMON_BLOCKS = YES;
				GCC_OPTIMIZATION_LEVEL = 0;
				GCC_PREPROCESSOR_DEFINITIONS = (
					"DEBUG=1",
					"$(inherited)",
				);
				GCC_WARN_64_TO_32_BIT_CONVERSION = YES;
				GCC_WARN_ABOUT_RETURN_TYPE = YES_ERROR;
				GCC_WARN_UNDECLARED_SELECTOR = YES;
				GCC_WARN_UNINITIALIZED_AUTOS = YES_AGGRESSIVE;
				GCC_WARN_UNUSED_FUNCTION = YES;
				GCC_WARN_UNUSED_VARIABLE = YES;
				IPHONEOS_DEPLOYMENT_TARGET = 11.2;
				MTL_ENABLE_DEBUG_INFO = YES;
				ONLY_ACTIVE_ARCH = YES;
				SDKROOT = iphoneos;
				SWIFT_ACTIVE_COMPILATION_CONDITIONS = DEBUG;
				SWIFT_OPTIMIZATION_LEVEL = "-Onone";
			};
			name = Debug;
		};
		D375B1642044FA14003AF182 /* Release */ = {
			isa = XCBuildConfiguration;
			buildSettings = {
				ALWAYS_SEARCH_USER_PATHS = NO;
				CLANG_ANALYZER_NONNULL = YES;
				CLANG_ANALYZER_NUMBER_OBJECT_CONVERSION = YES_AGGRESSIVE;
				CLANG_CXX_LANGUAGE_STANDARD = "gnu++14";
				CLANG_CXX_LIBRARY = "libc++";
				CLANG_ENABLE_MODULES = YES;
				CLANG_ENABLE_OBJC_ARC = YES;
				CLANG_WARN_BLOCK_CAPTURE_AUTORELEASING = YES;
				CLANG_WARN_BOOL_CONVERSION = YES;
				CLANG_WARN_COMMA = YES;
				CLANG_WARN_CONSTANT_CONVERSION = YES;
				CLANG_WARN_DIRECT_OBJC_ISA_USAGE = YES_ERROR;
				CLANG_WARN_DOCUMENTATION_COMMENTS = YES;
				CLANG_WARN_EMPTY_BODY = YES;
				CLANG_WARN_ENUM_CONVERSION = YES;
				CLANG_WARN_INFINITE_RECURSION = YES;
				CLANG_WARN_INT_CONVERSION = YES;
				CLANG_WARN_NON_LITERAL_NULL_CONVERSION = YES;
				CLANG_WARN_OBJC_LITERAL_CONVERSION = YES;
				CLANG_WARN_OBJC_ROOT_CLASS = YES_ERROR;
				CLANG_WARN_RANGE_LOOP_ANALYSIS = YES;
				CLANG_WARN_STRICT_PROTOTYPES = YES;
				CLANG_WARN_SUSPICIOUS_MOVE = YES;
				CLANG_WARN_UNGUARDED_AVAILABILITY = YES_AGGRESSIVE;
				CLANG_WARN_UNREACHABLE_CODE = YES;
				CLANG_WARN__DUPLICATE_METHOD_MATCH = YES;
				CODE_SIGN_IDENTITY = "iPhone Developer";
				COPY_PHASE_STRIP = NO;
				DEBUG_INFORMATION_FORMAT = "dwarf-with-dsym";
				ENABLE_NS_ASSERTIONS = NO;
				ENABLE_STRICT_OBJC_MSGSEND = YES;
				GCC_C_LANGUAGE_STANDARD = gnu11;
				GCC_NO_COMMON_BLOCKS = YES;
				GCC_WARN_64_TO_32_BIT_CONVERSION = YES;
				GCC_WARN_ABOUT_RETURN_TYPE = YES_ERROR;
				GCC_WARN_UNDECLARED_SELECTOR = YES;
				GCC_WARN_UNINITIALIZED_AUTOS = YES_AGGRESSIVE;
				GCC_WARN_UNUSED_FUNCTION = YES;
				GCC_WARN_UNUSED_VARIABLE = YES;
				IPHONEOS_DEPLOYMENT_TARGET = 11.2;
				MTL_ENABLE_DEBUG_INFO = NO;
				SDKROOT = iphoneos;
				SWIFT_OPTIMIZATION_LEVEL = "-Owholemodule";
				VALIDATE_PRODUCT = YES;
			};
			name = Release;
		};
		D375B1662044FA14003AF182 /* Debug */ = {
			isa = XCBuildConfiguration;
			buildSettings = {
				ASSETCATALOG_COMPILER_APPICON_NAME = AppIcon;
				CODE_SIGN_STYLE = Automatic;
				DEVELOPMENT_TEAM = NHYR39C2B9;
				INFOPLIST_FILE = "WaterfallFlow-Swift/Info.plist";
				LD_RUNPATH_SEARCH_PATHS = "$(inherited) @executable_path/Frameworks";
				PRODUCT_BUNDLE_IDENTIFIER = "com.yqh.WaterfallFlow-Swift";
				PRODUCT_NAME = "$(TARGET_NAME)";
				SWIFT_VERSION = 4.0;
				TARGETED_DEVICE_FAMILY = "1,2";
			};
			name = Debug;
		};
		D375B1672044FA14003AF182 /* Release */ = {
			isa = XCBuildConfiguration;
			buildSettings = {
				ASSETCATALOG_COMPILER_APPICON_NAME = AppIcon;
				CODE_SIGN_STYLE = Automatic;
				DEVELOPMENT_TEAM = NHYR39C2B9;
				INFOPLIST_FILE = "WaterfallFlow-Swift/Info.plist";
				LD_RUNPATH_SEARCH_PATHS = "$(inherited) @executable_path/Frameworks";
				PRODUCT_BUNDLE_IDENTIFIER = "com.yqh.WaterfallFlow-Swift";
				PRODUCT_NAME = "$(TARGET_NAME)";
				SWIFT_VERSION = 4.0;
				TARGETED_DEVICE_FAMILY = "1,2";
			};
			name = Release;
		};
/* End XCBuildConfiguration section */

/* Begin XCConfigurationList section */
		D375B14E2044FA14003AF182 /* Build configuration list for PBXProject "WaterfallFlow-Swift" */ = {
			isa = XCConfigurationList;
			buildConfigurations = (
				D375B1632044FA14003AF182 /* Debug */,
				D375B1642044FA14003AF182 /* Release */,
			);
			defaultConfigurationIsVisible = 0;
			defaultConfigurationName = Release;
		};
		D375B1652044FA14003AF182 /* Build configuration list for PBXNativeTarget "WaterfallFlow-Swift" */ = {
			isa = XCConfigurationList;
			buildConfigurations = (
				D375B1662044FA14003AF182 /* Debug */,
				D375B1672044FA14003AF182 /* Release */,
			);
			defaultConfigurationIsVisible = 0;
			defaultConfigurationName = Release;
		};
/* End XCConfigurationList section */
	};
	rootObject = D375B14B2044FA14003AF182 /* Project object */;
}
